
Microsoft Visual Studio Solution File, Format Version 12.00
# Visual Studio Version 17
VisualStudioVersion = 17.11.35303.130
MinimumVisualStudioVersion = 10.0.40219.1
Project("{9A19103F-16F7-4668-BE54-9A1E7A4F7556}") = "EncapsulationInheritancePolymorphism", "EncapsulationInheritancePolymorphism\EncapsulationInheritancePolymorphism.csproj", "{1B6774B8-171A-4588-BDBA-0AD6A955D797}"
EndProject
Project("{9A19103F-16F7-4668-BE54-9A1E7A4F7556}") = "Polymorphism", "Polymorphism\Polymorphism.csproj", "{37D5794D-591F-44A9-AB4A-27EE3F23AAEF}"
EndProject
Project("{FAE04EC0-301F-11D3-BF4B-00C04F79EFBC}") = "Inheritance", "Inheritance\Inheritance.csproj", "{CA94747C-AB00-44A7-BBA6-C4C39365E07D}"
EndProject
Global
	GlobalSection(SolutionConfigurationPlatforms) = preSolution
		Debug|Any CPU = Debug|Any CPU
		Release|Any CPU = Release|Any CPU
	EndGlobalSection
	GlobalSection(ProjectConfigurationPlatforms) = postSolution
		{1B6774B8-171A-4588-BDBA-0AD6A955D797}.Debug|Any CPU.ActiveCfg = Debug|Any CPU
		{1B6774B8-171A-4588-BDBA-0AD6A955D797}.Debug|Any CPU.Build.0 = Debug|Any CPU
		{1B6774B8-171A-4588-BDBA-0AD6A955D797}.Release|Any CPU.ActiveCfg = Release|Any CPU
		{1B6774B8-171A-4588-BDBA-0AD6A955D797}.Release|Any CPU.Build.0 = Release|Any CPU
		{37D5794D-591F-44A9-AB4A-27EE3F23AAEF}.Debug|Any CPU.ActiveCfg = Debug|Any CPU
		{37D5794D-591F-44A9-AB4A-27EE3F23AAEF}.Debug|Any CPU.Build.0 = Debug|Any CPU
		{37D5794D-591F-44A9-AB4A-27EE3F23AAEF}.Release|Any CPU.ActiveCfg = Release|Any CPU
		{37D5794D-591F-44A9-AB4A-27EE3F23AAEF}.Release|Any CPU.Build.0 = Release|Any CPU
		{CA94747C-AB00-44A7-BBA6-C4C39365E07D}.Debug|Any CPU.ActiveCfg = Debug|Any CPU
		{CA94747C-AB00-44A7-BBA6-C4C39365E07D}.Debug|Any CPU.Build.0 = Debug|Any CPU
		{CA94747C-AB00-44A7-BBA6-C4C39365E07D}.Release|Any CPU.ActiveCfg = Release|Any CPU
		{CA94747C-AB00-44A7-BBA6-C4C39365E07D}.Release|Any CPU.Build.0 = Release|Any CPU
	EndGlobalSection
	GlobalSection(SolutionProperties) = preSolution
		HideSolutionNode = FALSE
	EndGlobalSection
	GlobalSection(ExtensibilityGlobals) = postSolution
		SolutionGuid = {1EE74A50-1A8F-4D71-9ED3-3E0B426E9A5F}
	EndGlobalSection
EndGlobal
